{
  "version": "4",
  "specifiers": {
    "jsr:@oak/commons@1": "1.0.0",
    "jsr:@oak/oak@^17.1.0": "17.1.0",
    "jsr:@std/assert@1": "1.0.6",
    "jsr:@std/bytes@1": "1.0.2",
    "jsr:@std/bytes@^1.0.2": "1.0.2",
    "jsr:@std/crypto@1": "1.0.3",
    "jsr:@std/encoding@1": "1.0.5",
    "jsr:@std/encoding@^1.0.5": "1.0.5",
    "jsr:@std/fmt@^1.0.2": "1.0.2",
    "jsr:@std/http@1": "1.0.7",
    "jsr:@std/internal@^1.0.4": "1.0.4",
    "jsr:@std/io@0.224": "0.224.9",
    "jsr:@std/media-types@1": "1.0.3",
    "jsr:@std/path@1": "1.0.6",
    "npm:path-to-regexp@6.2.1": "6.2.1"
  },
  "jsr": {
    "@oak/commons@1.0.0": {
      "integrity": "49805b55603c3627a9d6235c0655aa2b6222d3036b3a13ff0380c16368f607ac",
      "dependencies": [
        "jsr:@std/assert",
        "jsr:@std/bytes@1",
        "jsr:@std/crypto",
        "jsr:@std/encoding@1",
        "jsr:@std/http",
        "jsr:@std/media-types"
      ]
    },
    "@oak/oak@17.1.0": {
      "integrity": "14ffb400c3c268bdc7b3a838664fab782b4ed35bb0dfe7669013c95bb12a9503",
      "dependencies": [
        "jsr:@oak/commons",
        "jsr:@std/assert",
        "jsr:@std/bytes@1",
        "jsr:@std/crypto",
        "jsr:@std/http",
        "jsr:@std/io",
        "jsr:@std/media-types",
        "jsr:@std/path",
        "npm:path-to-regexp"
      ]
    },
    "@std/assert@1.0.6": {
      "integrity": "1904c05806a25d94fe791d6d883b685c9e2dcd60e4f9fc30f4fc5cf010c72207",
      "dependencies": [
        "jsr:@std/internal"
      ]
    },
    "@std/bytes@1.0.2": {
      "integrity": "fbdee322bbd8c599a6af186a1603b3355e59a5fb1baa139f8f4c3c9a1b3e3d57"
    },
    "@std/crypto@1.0.3": {
      "integrity": "a2a32f51ddef632d299e3879cd027c630dcd4d1d9a5285d6e6788072f4e51e7f"
    },
    "@std/encoding@1.0.5": {
      "integrity": "ecf363d4fc25bd85bd915ff6733a7e79b67e0e7806334af15f4645c569fefc04"
    },
    "@std/fmt@1.0.2": {
      "integrity": "87e9dfcdd3ca7c066e0c3c657c1f987c82888eb8103a3a3baa62684ffeb0f7a7"
    },
    "@std/http@1.0.7": {
      "integrity": "9b904fc256678a5c9759f1a53a24a3fdcc59d83dc62099bb472683b6f819194c",
      "dependencies": [
        "jsr:@std/encoding@^1.0.5"
      ]
    },
    "@std/internal@1.0.4": {
      "integrity": "62e8e4911527e5e4f307741a795c0b0a9e6958d0b3790716ae71ce085f755422"
    },
    "@std/io@0.224.9": {
      "integrity": "4414664b6926f665102e73c969cfda06d2c4c59bd5d0c603fd4f1b1c840d6ee3",
      "dependencies": [
        "jsr:@std/bytes@^1.0.2"
      ]
    },
    "@std/media-types@1.0.3": {
      "integrity": "b12d30a7852f7578f4d210622df713bbfd1cbdd9b4ec2eaf5c1845ab70bab159"
    },
    "@std/path@1.0.6": {
      "integrity": "ab2c55f902b380cf28e0eec501b4906e4c1960d13f00e11cfbcd21de15f18fed"
    }
  },
  "npm": {
    "path-to-regexp@6.2.1": {
      "integrity": "sha512-JLyh7xT1kizaEvcaXOQwOc2/Yhw6KZOvPf1S8401UyLk86CU79LN3vl7ztXGm/pZ+YjoyAJ4rxmHwbkBXJX+yw=="
    }
  },
  "remote": {
    "https://deno.land/std@0.158.0/_util/assert.ts": "e94f2eb37cebd7f199952e242c77654e43333c1ac4c5c700e929ea3aa5489f74",
    "https://deno.land/std@0.158.0/_util/os.ts": "8a33345f74990e627b9dfe2de9b040004b08ea5146c7c9e8fe9a29070d193934",
    "https://deno.land/std@0.158.0/async/abortable.ts": "87aa7230be8360c24ad437212311c9e8d4328854baec27b4c7abb26e85515c06",
    "https://deno.land/std@0.158.0/async/deadline.ts": "48ac998d7564969f3e6ec6b6f9bf0217ebd00239b1b2292feba61272d5dd58d0",
    "https://deno.land/std@0.158.0/async/debounce.ts": "de5433bff08a2bb61416fc53b3bd2d5867090c8a815465e5b4a10a77495b1051",
    "https://deno.land/std@0.158.0/async/deferred.ts": "c01de44b9192359cebd3fe93273fcebf9e95110bf3360023917da9a2d1489fae",
    "https://deno.land/std@0.158.0/async/delay.ts": "0419dfc993752849692d1f9647edf13407c7facc3509b099381be99ffbc9d699",
    "https://deno.land/std@0.158.0/async/mod.ts": "dd0a8ed4f3984ffabe2fcca7c9f466b7932d57b1864ffee148a5d5388316db6b",
    "https://deno.land/std@0.158.0/async/mux_async_iterator.ts": "3447b28a2a582224a3d4d3596bccbba6e85040da3b97ed64012f7decce98d093",
    "https://deno.land/std@0.158.0/async/pool.ts": "ef9eb97b388543acbf0ac32647121e4dbe629236899586c4d4311a8770fbb239",
    "https://deno.land/std@0.158.0/async/tee.ts": "d27680d911816fcb3d231e16d690e7588079e66a9b2e5ce8cc354db94fdce95f",
    "https://deno.land/std@0.158.0/bytes/bytes_list.ts": "aba5e2369e77d426b10af1de0dcc4531acecec27f9b9056f4f7bfbf8ac147ab4",
    "https://deno.land/std@0.158.0/bytes/equals.ts": "3c3558c3ae85526f84510aa2b48ab2ad7bdd899e2e0f5b7a8ffc85acb3a6043a",
    "https://deno.land/std@0.158.0/bytes/mod.ts": "763f97d33051cc3f28af1a688dfe2830841192a9fea0cbaa55f927b49d49d0bf",
    "https://deno.land/std@0.158.0/crypto/_wasm_crypto/lib/deno_std_wasm_crypto.generated.mjs": "dfcd6777d05345362c70f9f2c49abba3ed3f925fccfcf725abe2d16d51819433",
    "https://deno.land/std@0.158.0/crypto/_wasm_crypto/mod.ts": "6c60d332716147ded0eece0861780678d51b560f533b27db2e15c64a4ef83665",
    "https://deno.land/std@0.158.0/crypto/timing_safe_equal.ts": "82a29b737bc8932d75d7a20c404136089d5d23629e94ba14efa98a8cc066c73e",
    "https://deno.land/std@0.158.0/encoding/base64.ts": "c57868ca7fa2fbe919f57f88a623ad34e3d970d675bdc1ff3a9d02bba7409db2",
    "https://deno.land/std@0.158.0/encoding/base64url.ts": "a5f82a9fa703bd85a5eb8e7c1296bc6529e601ebd9642cc2b5eaa6b38fa9e05a",
    "https://deno.land/std@0.158.0/encoding/hex.ts": "4cc5324417cbb4ac9b828453d35aed45b9cc29506fad658f1f138d981ae33795",
    "https://deno.land/std@0.158.0/flags/mod.ts": "5ecf064f28471b455be61a71b68172236151f3362c8b4a663d5aedee93179ded",
    "https://deno.land/std@0.158.0/fmt/colors.ts": "ff7dc9c9f33a72bd48bc24b21bbc1b4545d8494a431f17894dbc5fe92a938fc4",
    "https://deno.land/std@0.158.0/io/buffer.ts": "fae02290f52301c4e0188670e730cd902f9307fb732d79c4aa14ebdc82497289",
    "https://deno.land/std@0.158.0/node/_core.ts": "83860ad91022fe1ed759acc3f012dd7e2a4258bd4ee7eab8332110cba0d0be10",
    "https://deno.land/std@0.158.0/node/_crypto/crypto_browserify/asn1.js/base/buffer.js": "73beb8294eb29bd61458bbaaeeb51dfad4ec9c9868a62207a061d908f1637261",
    "https://deno.land/std@0.158.0/node/_crypto/crypto_browserify/asn1.js/base/node.js": "4b777980d2a23088698fd2ff065bb311a2c713497d359e674cb6ef6baf267a0f",
    "https://deno.land/std@0.158.0/node/_crypto/crypto_browserify/asn1.js/base/reporter.js": "8e4886e8ae311c9a92caf58bbbd8670326ceeae97430f4884e558e4acf8e8598",
    "https://deno.land/std@0.158.0/node/_crypto/crypto_browserify/asn1.js/constants/der.js": "354b255479bff22a31d25bf08b217a295071700e37d0991cc05cac9f95e5e7ca",
    "https://deno.land/std@0.158.0/node/_crypto/crypto_browserify/asn1.js/decoders/der.js": "c6faf66761daa43fbf79221308443893587c317774047b508a04c570713b76fb",
    "https://deno.land/std@0.158.0/node/_crypto/crypto_browserify/asn1.js/decoders/pem.js": "8316ef7ce2ce478bc3dc1e9df1b75225d1eb8fb5d1378f8adf0cf19ecea5b501",
    "https://deno.land/std@0.158.0/node/_crypto/crypto_browserify/asn1.js/encoders/der.js": "408336c88d17c5605ea64081261cf42267d8f9fda90098cb560aa6635bb00877",
    "https://deno.land/std@0.158.0/node/_crypto/crypto_browserify/asn1.js/encoders/pem.js": "42a00c925b68c0858d6de0ba41ab89935b39fae9117bbf72a9abb2f4b755a2e7",
    "https://deno.land/std@0.158.0/node/_crypto/crypto_browserify/asn1.js/mod.js": "7b78859707be10a0a1e4faccdd28cd5a4f71ad74a3e7bebda030757da97cd232",
    "https://deno.land/std@0.158.0/node/_crypto/crypto_browserify/bn.js/bn.js": "abd1badd659fd0ae54e6a421a573a25aef4e795edc392178360cf716b144286d",
    "https://deno.land/std@0.158.0/node/_crypto/crypto_browserify/browserify_aes/aes.js": "1cf4c354c5bb341ffc9ab7207f471229835b021947225bce2e1642f26643847a",
    "https://deno.land/std@0.158.0/node/_crypto/crypto_browserify/browserify_aes/auth_cipher.js": "19b4dbb903e8406eb733176e6318d5e1a3bd382b67b72f7cf8e1c46cc6321ba4",
    "https://deno.land/std@0.158.0/node/_crypto/crypto_browserify/browserify_aes/decrypter.js": "05c1676942fd8e95837115bc2d1371bcf62e9bf19f6c3348870961fc64ddad0b",
    "https://deno.land/std@0.158.0/node/_crypto/crypto_browserify/browserify_aes/encrypter.js": "93ec98ab26fbeb5969eae2943e42fb66780f377b9b0ff0ecc32a9ed11201b142",
    "https://deno.land/std@0.158.0/node/_crypto/crypto_browserify/browserify_aes/ghash.js": "667b64845764a84f0096ef8cf7debed1a5f15ac9af26b379848237be57da399a",
    "https://deno.land/std@0.158.0/node/_crypto/crypto_browserify/browserify_aes/incr32.js": "4a7f0107753e4390b4ccc4dbd5200c5527d43f894f768e131903df30a09dfd67",
    "https://deno.land/std@0.158.0/node/_crypto/crypto_browserify/browserify_aes/mod.js": "d8eb88e7a317467831473621f32e60d7db9d981f6a2ae45d2fb2af170eab2d22",
    "https://deno.land/std@0.158.0/node/_crypto/crypto_browserify/browserify_aes/modes/cbc.js": "9790799cff181a074686c885708cb8eb473aeb3c86ff2e8d0ff911ae6c1e4431",
    "https://deno.land/std@0.158.0/node/_crypto/crypto_browserify/browserify_aes/modes/cfb.js": "a4e36ede6f26d8559d8f0528a134592761c706145a641bd9ad1100763e831cdb",
    "https://deno.land/std@0.158.0/node/_crypto/crypto_browserify/browserify_aes/modes/cfb1.js": "c6372f4973a68ca742682e81d1165e8869aaabf0091a8b963d4d60e5ee8e6f6a",
    "https://deno.land/std@0.158.0/node/_crypto/crypto_browserify/browserify_aes/modes/cfb8.js": "bd29eebb89199b056ff2441f7fb5e0300f458e13dcaaddbb8bc00cbdb199db67",
    "https://deno.land/std@0.158.0/node/_crypto/crypto_browserify/browserify_aes/modes/ctr.js": "9c2cbac1fc8f9b58334faacb98e6c57e8c3712f673ea4cf2d528a2894998ab2f",
    "https://deno.land/std@0.158.0/node/_crypto/crypto_browserify/browserify_aes/modes/ecb.js": "9629d193433688f0cfc432eca52838db0fb28d9eb4f45563df952bde50b59763",
    "https://deno.land/std@0.158.0/node/_crypto/crypto_browserify/browserify_aes/modes/mod.js": "7d8516ef8a20565539eb17cad5bb70add02ac06d1891e8f47cb981c22821787e",
    "https://deno.land/std@0.158.0/node/_crypto/crypto_browserify/browserify_aes/modes/ofb.js": "c23abaa6f1ec5343e9d7ba61d702acb3d81a0bd3d34dd2004e36975dc043d6ff",
    "https://deno.land/std@0.158.0/node/_crypto/crypto_browserify/browserify_aes/stream_cipher.js": "a533a03a2214c6b5934ce85a59eb1e04239fd6f429017c7ca3c443ec7e07e68f",
    "https://deno.land/std@0.158.0/node/_crypto/crypto_browserify/browserify_aes/xor.ts": "4417711c026eb9a07475067cd31fa601e88c2d6ababd606d33d1e74da6fcfd09",
    "https://deno.land/std@0.158.0/node/_crypto/crypto_browserify/browserify_rsa.js": "de8c98d2379a70d8c239b4886e2b3a11c7204eec39ae6b65d978d0d516ee6b08",
    "https://deno.land/std@0.158.0/node/_crypto/crypto_browserify/cipher_base.js": "f565ad9daf3b3dd3b68381bed848da94fb093a9e4e5a48c92f47e26cc229df39",
    "https://deno.land/std@0.158.0/node/_crypto/crypto_browserify/evp_bytes_to_key.ts": "006ecde1cc428b16f2d214637c35296279710b3a8d211dcf91d561c2cd692125",
    "https://deno.land/std@0.158.0/node/_crypto/crypto_browserify/parse_asn1/asn1.js": "4f33b0197ffbe9cff62e5bad266e6b40d55874ea653552bb32ed251ad091f70a",
    "https://deno.land/std@0.158.0/node/_crypto/crypto_browserify/parse_asn1/certificate.js": "aab306870830a81ad188db8fa8e037d7f5dd6c5abdabbd9739558245d1a12224",
    "https://deno.land/std@0.158.0/node/_crypto/crypto_browserify/parse_asn1/fix_proc.js": "af3052b76f441878e102ffcfc7420692e65777af765e96f786310ae1acf7f76a",
    "https://deno.land/std@0.158.0/node/_crypto/crypto_browserify/parse_asn1/mod.js": "9d445baecb55d4abbe6434be55d5bb7976ea752c3976a75b7e2684a7d440a576",
    "https://deno.land/std@0.158.0/node/_crypto/crypto_browserify/public_encrypt/mgf.js": "46cf72f2b9aa678a15daef8ed551241f2d0c1ca38b8b6c8e5226a4853540d7b2",
    "https://deno.land/std@0.158.0/node/_crypto/crypto_browserify/public_encrypt/mod.js": "eb8b64d7a58ee3823c1b642e799cc7ed1257d99f4d4aefa2b4796dd112ec094a",
    "https://deno.land/std@0.158.0/node/_crypto/crypto_browserify/public_encrypt/private_decrypt.js": "220de06bf9edcfa4def18c30a16aa0482b1ddc24f8712f46509e82b1e3be122c",
    "https://deno.land/std@0.158.0/node/_crypto/crypto_browserify/public_encrypt/public_encrypt.js": "4679188b9b38502ac21b5e1a5bcfbcd278f51854f5385aac8d9962d7c21b2a6e",
    "https://deno.land/std@0.158.0/node/_crypto/crypto_browserify/public_encrypt/with_public.js": "7373dac9b53b8331ccf3521c854a131dcb304a2e4d34cd116649118f7919ed0c",
    "https://deno.land/std@0.158.0/node/_crypto/crypto_browserify/public_encrypt/xor.js": "900c6fc8b95e1861d796193c41988f5f70a09c7059e42887a243d0113ecaf0fd",
    "https://deno.land/std@0.158.0/node/_crypto/crypto_browserify/randombytes.ts": "414e2a13f1ea79980acba7b4634821b7a636f1856eedbba7cce8fa528c11e9a0",
    "https://deno.land/std@0.158.0/node/_events.mjs": "303e8aa60ace559e4ca0d19e8475f87311bee9e8330b4b497644d70f2002fc27",
    "https://deno.land/std@0.158.0/node/_next_tick.ts": "81c1826675493b76f90c646fb1274a4c84b5cc913a80ca4526c32cd7c46a0b06",
    "https://deno.land/std@0.158.0/node/_process/exiting.ts": "bc9694769139ffc596f962087155a8bfef10101d03423b9dcbc51ce6e1f88fce",
    "https://deno.land/std@0.158.0/node/_process/process.ts": "d98ddb6874c21982fd87a383a319d852ffe1ab318b9045d06725baaf4e629143",
    "https://deno.land/std@0.158.0/node/_process/stdio.mjs": "971c3b086040d8521562155db13f22f9971d5c42c852b2081d4d2f0d8b6ab6bd",
    "https://deno.land/std@0.158.0/node/_stream.mjs": "4e8470f048f317c71cf4ba4894ca286a1ac2dc99e526a0e129c9a172c1079b7d",
    "https://deno.land/std@0.158.0/node/_utils.ts": "c86e0728dc99d46b1d590b677616b8c92b7e42e7a060a1975da77552d8cf8441",
    "https://deno.land/std@0.158.0/node/buffer.ts": "43f07b2d1523345bf35b7deb7fcdad6e916020a631a7bc1b5efcaff556db4e1d",
    "https://deno.land/std@0.158.0/node/crypto.ts": "0bc90f0550c7d00ee11d8a086d57b2367ab3a083f4156ef68ae28582cd3cfcc2",
    "https://deno.land/std@0.158.0/node/events.ts": "f848398d3591534ca94ac6b852a9f3c4dbb2da310c3a26059cf4ff06b7eae088",
    "https://deno.land/std@0.158.0/node/internal/buffer.mjs": "70b74b34f1617b3492aee6dec35c7bdabbf26e034bfcf640aa61b3d63c5c850f",
    "https://deno.land/std@0.158.0/node/internal/crypto/_keys.ts": "7f993ece8c8e94a292944518cf4173521c6bf01785e75be014cd45a9cc2e4ad5",
    "https://deno.land/std@0.158.0/node/internal/crypto/_randomBytes.ts": "0d80254f7be71aa3212956071d22f2cb2193aa1f957e48286f83ccf092abe4e5",
    "https://deno.land/std@0.158.0/node/internal/crypto/_randomFill.ts": "4d9157fd8a4894f98c125c5870bd93e0203442ec0e09908158ebff2a71b4872e",
    "https://deno.land/std@0.158.0/node/internal/crypto/_randomInt.ts": "fddc02fb68e94f12a2023b0f98a8bf3a9eecfd7118633eebb752b6387e8f3baf",
    "https://deno.land/std@0.158.0/node/internal/crypto/certificate.ts": "e0660db45a9ff176c6f6cdf1b8ccceca535790afe37901e4c8abcbf419b1f68d",
    "https://deno.land/std@0.158.0/node/internal/crypto/cipher.ts": "68887462421f4f3e63762206b5e88ad88e77ae652e3a785263bb20cee8b80634",
    "https://deno.land/std@0.158.0/node/internal/crypto/constants.ts": "d2c8821977aef55e4d66414d623c24a2447791a8b49b6404b8db32d81e20c315",
    "https://deno.land/std@0.158.0/node/internal/crypto/diffiehellman.ts": "cccd7359947dfbc495bdf23f90c6cd94dbd0dfe70baa0f31e1fd0440b4319e92",
    "https://deno.land/std@0.158.0/node/internal/crypto/hash.ts": "ad1c11149b731b33ec4ecc7ea6527b29fdecf2ed37cae10b7455cb04ec80d620",
    "https://deno.land/std@0.158.0/node/internal/crypto/hkdf.ts": "4e4221437b95fea095a2b9d869565e8d545a135f8bbaa6a8667998185b67fc1e",
    "https://deno.land/std@0.158.0/node/internal/crypto/keygen.ts": "067c4e23b0f50b12522edea98db8de83434f0aa344bc23c3d07297c5d62483e4",
    "https://deno.land/std@0.158.0/node/internal/crypto/keys.ts": "9a985a04f813cdc600afb8437e06a57abc2ac4bb82783557f65af5ebeb780c2f",
    "https://deno.land/std@0.158.0/node/internal/crypto/pbkdf2.ts": "bed16fa96c93a4ac397473590c21f58c50e4333a96c85bed1cff00431bf2f33c",
    "https://deno.land/std@0.158.0/node/internal/crypto/random.ts": "6e3fe98367b3715a1f9039f7291a75840f1b903d4b411ce7b44ff671e64d3572",
    "https://deno.land/std@0.158.0/node/internal/crypto/scrypt.ts": "120ae83f72ddcee6c6af8db3593a86aa0c926f9e563f66b0ccc303526887f337",
    "https://deno.land/std@0.158.0/node/internal/crypto/sig.ts": "9d86ae6d210a23ce379b1f85a2226d9ba0279699b643a43070d1bd94c3c452e8",
    "https://deno.land/std@0.158.0/node/internal/crypto/types.ts": "51201006692f584f860cad16ce20f48e74c0a4a9d3e26e31fda1b48791033ae1",
    "https://deno.land/std@0.158.0/node/internal/crypto/util.ts": "818299136d987248d4dd65ecbc825244ad46cae81d4f67131c7f671459af8ca4",
    "https://deno.land/std@0.158.0/node/internal/crypto/x509.ts": "8fcc114549ee0e9aca22fbddaf2f59cf7feeeb74c0189b1035d3d223a01dbd09",
    "https://deno.land/std@0.158.0/node/internal/error_codes.ts": "ac03c4eae33de3a69d6c98e8678003207eecf75a6900eb847e3fea3c8c9e6d8f",
    "https://deno.land/std@0.158.0/node/internal/errors.ts": "0f66861ffd7a4ee3732098f758800a94154ad5d4bfa56aeb5480855cb3d7a8c6",
    "https://deno.land/std@0.158.0/node/internal/fixed_queue.ts": "455b3c484de48e810b13bdf95cd1658ecb1ba6bcb8b9315ffe994efcde3ba5f5",
    "https://deno.land/std@0.158.0/node/internal/hide_stack_frames.ts": "a91962ec84610bc7ec86022c4593cdf688156a5910c07b5bcd71994225c13a03",
    "https://deno.land/std@0.158.0/node/internal/normalize_encoding.mjs": "3779ec8a7adf5d963b0224f9b85d1bc974a2ec2db0e858396b5d3c2c92138a0a",
    "https://deno.land/std@0.158.0/node/internal/options.ts": "a23c285975e058cb26a19abcb048cd8b46ab12d21cfb028868ac8003fffb43ac",
    "https://deno.land/std@0.158.0/node/internal/primordials.mjs": "7cf5afe471583e4a384eeea109bdff276b6b7f3a3af830f99f951fb7d57ef423",
    "https://deno.land/std@0.158.0/node/internal/streams/destroy.mjs": "9c9bbeb172a437041d529829f433df72cf0b63ae49f3ee6080a55ffbef7572ad",
    "https://deno.land/std@0.158.0/node/internal/streams/end-of-stream.mjs": "38be76eaceac231dfde643e72bc0940625446bf6d1dbd995c91c5ba9fd59b338",
    "https://deno.land/std@0.158.0/node/internal/streams/utils.mjs": "a0a6b93a7e68ef52bef4ed00b0c82bb7e335abf360af57335b07c6a3fcdde717",
    "https://deno.land/std@0.158.0/node/internal/streams/writable.mjs": "b4d2069f0403dd4a0008d315de924b1d78e5135107a2eb41c41d04c3981791fc",
    "https://deno.land/std@0.158.0/node/internal/util.mjs": "35d24fb775468cd24443bcf0ec68904b8aa44e5b53845491a5e3382421917f9a",
    "https://deno.land/std@0.158.0/node/internal/util/inspect.mjs": "1ddace0c97719d2cc0869ba177d375e96051301352ec235cbfb2ecbfcd4e8fba",
    "https://deno.land/std@0.158.0/node/internal/util/types.ts": "de6e2b7f9b9985ab881b1e78f05ae51d1fc829ae1584063df21e57b35312f3c4",
    "https://deno.land/std@0.158.0/node/internal/validators.mjs": "67deae0f488d013c8bf485742a5478112b8e48837cb2458c4a8b2669cf7017db",
    "https://deno.land/std@0.158.0/node/internal_binding/_libuv_winerror.ts": "801e05c2742ae6cd42a5f0fd555a255a7308a65732551e962e5345f55eedc519",
    "https://deno.land/std@0.158.0/node/internal_binding/_node.ts": "e4075ba8a37aef4eb5b592c8e3807c39cb49ca8653faf8e01a43421938076c1b",
    "https://deno.land/std@0.158.0/node/internal_binding/_timingSafeEqual.ts": "80640f055101071cb3680a2d8a1fead5fd260ca8bf183efb94296b69463e06cd",
    "https://deno.land/std@0.158.0/node/internal_binding/_utils.ts": "1c50883b5751a9ea1b38951e62ed63bacfdc9d69ea665292edfa28e1b1c5bd94",
    "https://deno.land/std@0.158.0/node/internal_binding/_winerror.ts": "8811d4be66f918c165370b619259c1f35e8c3e458b8539db64c704fbde0a7cd2",
    "https://deno.land/std@0.158.0/node/internal_binding/buffer.ts": "781e1d13adc924864e6e37ecb5152e8a4e994cf394695136e451c47f00bda76c",
    "https://deno.land/std@0.158.0/node/internal_binding/constants.ts": "f4afc504137fb21f3908ab549931604968dfa62432b285a0874f41c4cade9ed2",
    "https://deno.land/std@0.158.0/node/internal_binding/crypto.ts": "d7f39700dc020364edf7f4785e5026bb91f099ce1bd02734182451b1af300c8c",
    "https://deno.land/std@0.158.0/node/internal_binding/node_options.ts": "3cd5706153d28a4f5944b8b162c1c61b7b8e368a448fb1a2cff9f7957d3db360",
    "https://deno.land/std@0.158.0/node/internal_binding/string_decoder.ts": "5cb1863763d1e9b458bc21d6f976f16d9c18b3b3f57eaf0ade120aee38fba227",
    "https://deno.land/std@0.158.0/node/internal_binding/types.ts": "4c26fb74ba2e45de553c15014c916df6789529a93171e450d5afb016b4c765e7",
    "https://deno.land/std@0.158.0/node/internal_binding/util.ts": "faf5146c3cc3b2d6c26026a818b4a16e91488ab26e63c069f36ba3c3ae24c97b",
    "https://deno.land/std@0.158.0/node/internal_binding/uv.ts": "8c5b971a7e5e66584274fcb8aab958a6b3d5a6232ee8b3dec09b24047d6c008d",
    "https://deno.land/std@0.158.0/node/stream.ts": "2c6d5d207d0ad295f396b34fd03a908c1638beb1754bc9c1fccd9a4cdcace8be",
    "https://deno.land/std@0.158.0/node/string_decoder.ts": "51ce85a173d2e36ac580d418bb48b804adb41732fc8bd85f7d5d27b7accbc61f",
    "https://deno.land/std@0.158.0/streams/conversion.ts": "fc4eb76a14148c43f0b85e903a5a1526391aa40ed9434dc21e34f88304eb823e",
    "https://deno.land/std@0.158.0/testing/_diff.ts": "a23e7fc2b4d8daa3e158fa06856bedf5334ce2a2831e8bf9e509717f455adb2c",
    "https://deno.land/std@0.158.0/testing/_format.ts": "cd11136e1797791045e639e9f0f4640d5b4166148796cad37e6ef75f7d7f3832",
    "https://deno.land/std@0.158.0/testing/asserts.ts": "8696c488bc98d8d175e74dc652a0ffbc7fca93858da01edc57ed33c1148345da"
  },
  "workspace": {
    "dependencies": [
      "jsr:@oak/oak@^17.1.0",
      "jsr:@std/fmt@^1.0.2"
    ]
  }
}
